
Microsoft Visual Studio Solution File, Format Version 12.00
# Visual Studio 15
VisualStudioVersion = 15.0.27004.2006
MinimumVisualStudioVersion = 10.0.40219.1
Project("{FAE04EC0-301F-11D3-BF4B-00C04F79EFBC}") = "GoogleMapWpfApp", "GoogleMapWpfApp\GoogleMapWpfApp.csproj", "{7E8D82CC-24C0-4EB2-9B3B-E41733C9ED4B}"
EndProject
Global
	GlobalSection(SolutionConfigurationPlatforms) = preSolution
		Debug|Any CPU = Debug|Any CPU
		Release|Any CPU = Release|Any CPU
	EndGlobalSection
	GlobalSection(ProjectConfigurationPlatforms) = postSolution
		{7E8D82CC-24C0-4EB2-9B3B-E41733C9ED4B}.Debug|Any CPU.ActiveCfg = Debug|Any CPU
		{7E8D82CC-24C0-4EB2-9B3B-E41733C9ED4B}.Debug|Any CPU.Build.0 = Debug|Any CPU
		{7E8D82CC-24C0-4EB2-9B3B-E41733C9ED4B}.Release|Any CPU.ActiveCfg = Release|Any CPU
		{7E8D82CC-24C0-4EB2-9B3B-E41733C9ED4B}.Release|Any CPU.Build.0 = Release|Any CPU
	EndGlobalSection
	GlobalSection(SolutionProperties) = preSolution
		HideSolutionNode = FALSE
	EndGlobalSection
	GlobalSection(ExtensibilityGlobals) = postSolution
		SolutionGuid = {255DF033-5A63-4808-9702-9BE488A27452}
	EndGlobalSection
EndGlobal
